{
  "name": "random-distribution-in-javascript",
  "lockfileVersion": 3,
  "requires": true,
  "packages": {
    "": {
      "dependencies": {
        "squares-rng": "^2.0.1"
      }
    },
    "node_modules/squares-rng": {
      "version": "2.0.1",
      "resolved": "https://registry.npmjs.org/squares-rng/-/squares-rng-2.0.1.tgz",
      "integrity": "sha512-1sSJuUxME1SvP3EtR7OmmeGCAW+c9i1eAfLcVhLpKpBqz0R9aXucwHq3TbtZo49QtblwF2EWcWXyp66ifD/Jcw==",
      "engines": {
        "node": "^12.20.0 || ^14.13.1 || >=16.0.0"
      }
    }
  }
}
